
Microsoft Visual Studio Solution File, Format Version 12.00
# Visual Studio 15
Project("{FAE04EC0-301F-11D3-BF4B-00C04F79EFBC}") = "Helseboka.DesignSystem.iOS", "Helseboka\Helseboka.DesignSystem.iOS\Helseboka.DesignSystem.iOS.csproj", "{95DE9FD0-5919-43E2-8D83-30F8F392E12F}"
EndProject
Project("{FAE04EC0-301F-11D3-BF4B-00C04F79EFBC}") = "Helseboka.DesignSystem.iOS.Example", "Helseboka\Helseboka.DesignSystem.iOS.Example\Helseboka.DesignSystem.iOS.Example.csproj", "{2FD8CE29-1D97-4A67-9DA2-1CD1AE047089}"
EndProject
Global
	GlobalSection(SolutionConfigurationPlatforms) = preSolution
		Debug|Any CPU = Debug|Any CPU
		Release|Any CPU = Release|Any CPU
		Debug|iPhoneSimulator = Debug|iPhoneSimulator
		Release|iPhone = Release|iPhone
		Release|iPhoneSimulator = Release|iPhoneSimulator
		Debug|iPhone = Debug|iPhone
	EndGlobalSection
	GlobalSection(ProjectConfigurationPlatforms) = postSolution
		{66E26072-1718-44C3-81A0-20F3F134A7E4}.Debug|Any CPU.ActiveCfg = Debug|Any CPU
		{66E26072-1718-44C3-81A0-20F3F134A7E4}.Debug|Any CPU.Build.0 = Debug|Any CPU
		{66E26072-1718-44C3-81A0-20F3F134A7E4}.Release|Any CPU.ActiveCfg = Release|Any CPU
		{66E26072-1718-44C3-81A0-20F3F134A7E4}.Release|Any CPU.Build.0 = Release|Any CPU
		{95DE9FD0-5919-43E2-8D83-30F8F392E12F}.Debug|Any CPU.ActiveCfg = Debug|Any CPU
		{95DE9FD0-5919-43E2-8D83-30F8F392E12F}.Debug|Any CPU.Build.0 = Debug|Any CPU
		{95DE9FD0-5919-43E2-8D83-30F8F392E12F}.Release|Any CPU.ActiveCfg = Release|Any CPU
		{95DE9FD0-5919-43E2-8D83-30F8F392E12F}.Release|Any CPU.Build.0 = Release|Any CPU
		{95DE9FD0-5919-43E2-8D83-30F8F392E12F}.Debug|iPhoneSimulator.ActiveCfg = Debug|Any CPU
		{95DE9FD0-5919-43E2-8D83-30F8F392E12F}.Debug|iPhoneSimulator.Build.0 = Debug|Any CPU
		{95DE9FD0-5919-43E2-8D83-30F8F392E12F}.Release|iPhone.ActiveCfg = Release|Any CPU
		{95DE9FD0-5919-43E2-8D83-30F8F392E12F}.Release|iPhone.Build.0 = Release|Any CPU
		{95DE9FD0-5919-43E2-8D83-30F8F392E12F}.Release|iPhoneSimulator.ActiveCfg = Release|Any CPU
		{95DE9FD0-5919-43E2-8D83-30F8F392E12F}.Release|iPhoneSimulator.Build.0 = Release|Any CPU
		{95DE9FD0-5919-43E2-8D83-30F8F392E12F}.Debug|iPhone.ActiveCfg = Debug|Any CPU
		{95DE9FD0-5919-43E2-8D83-30F8F392E12F}.Debug|iPhone.Build.0 = Debug|Any CPU
		{2FD8CE29-1D97-4A67-9DA2-1CD1AE047089}.Debug|Any CPU.ActiveCfg = Debug|iPhoneSimulator
		{2FD8CE29-1D97-4A67-9DA2-1CD1AE047089}.Debug|Any CPU.Build.0 = Debug|iPhoneSimulator
		{2FD8CE29-1D97-4A67-9DA2-1CD1AE047089}.Release|Any CPU.ActiveCfg = Release|iPhone
		{2FD8CE29-1D97-4A67-9DA2-1CD1AE047089}.Release|Any CPU.Build.0 = Release|iPhone
		{2FD8CE29-1D97-4A67-9DA2-1CD1AE047089}.Debug|iPhoneSimulator.ActiveCfg = Debug|iPhoneSimulator
		{2FD8CE29-1D97-4A67-9DA2-1CD1AE047089}.Debug|iPhoneSimulator.Build.0 = Debug|iPhoneSimulator
		{2FD8CE29-1D97-4A67-9DA2-1CD1AE047089}.Release|iPhone.ActiveCfg = Release|iPhone
		{2FD8CE29-1D97-4A67-9DA2-1CD1AE047089}.Release|iPhone.Build.0 = Release|iPhone
		{2FD8CE29-1D97-4A67-9DA2-1CD1AE047089}.Release|iPhoneSimulator.ActiveCfg = Release|iPhoneSimulator
		{2FD8CE29-1D97-4A67-9DA2-1CD1AE047089}.Release|iPhoneSimulator.Build.0 = Release|iPhoneSimulator
		{2FD8CE29-1D97-4A67-9DA2-1CD1AE047089}.Debug|iPhone.ActiveCfg = Debug|iPhone
		{2FD8CE29-1D97-4A67-9DA2-1CD1AE047089}.Debug|iPhone.Build.0 = Debug|iPhone
	EndGlobalSection
EndGlobal
